
Microsoft Visual Studio Solution File, Format Version 12.00
# Visual Studio Version 17
VisualStudioVersion = 17.5.002.0
MinimumVisualStudioVersion = 10.0.40219.1
Project("{9A19103F-16F7-4668-BE54-9A1E7A4F7556}") = "DesafioFundamentos", "DesafioFundamentos\DesafioFundamentos.csproj", "{4B96A54F-91E7-4D91-B161-9E3F35DF93E9}"
EndProject
Global
	GlobalSection(SolutionConfigurationPlatforms) = preSolution
		Debug|Any CPU = Debug|Any CPU
		Release|Any CPU = Release|Any CPU
	EndGlobalSection
	GlobalSection(ProjectConfigurationPlatforms) = postSolution
		{4B96A54F-91E7-4D91-B161-9E3F35DF93E9}.Debug|Any CPU.ActiveCfg = Debug|Any CPU
		{4B96A54F-91E7-4D91-B161-9E3F35DF93E9}.Debug|Any CPU.Build.0 = Debug|Any CPU
		{4B96A54F-91E7-4D91-B161-9E3F35DF93E9}.Release|Any CPU.ActiveCfg = Release|Any CPU
		{4B96A54F-91E7-4D91-B161-9E3F35DF93E9}.Release|Any CPU.Build.0 = Release|Any CPU
	EndGlobalSection
	GlobalSection(SolutionProperties) = preSolution
		HideSolutionNode = FALSE
	EndGlobalSection
	GlobalSection(ExtensibilityGlobals) = postSolution
		SolutionGuid = {36A76212-AA73-43EB-8222-BE88E2901B6D}
	EndGlobalSection
EndGlobal
